
Microsoft Visual Studio Solution File, Format Version 12.00
# Visual Studio Version 17
VisualStudioVersion = 17.12.35527.113 d17.12
MinimumVisualStudioVersion = 10.0.40219.1
Project("{FAE04EC0-301F-11D3-BF4B-00C04F79EFBC}") = "AritmetikselOperatorler", "OperatorKullanımı\AritmetikselOperatorler.csproj", "{016043CC-1E79-4445-9396-91AF494EDCDC}"
EndProject
Project("{FAE04EC0-301F-11D3-BF4B-00C04F79EFBC}") = "OperatorlerAlistirma1", "OperatorlerAlistirma1\OperatorlerAlistirma1.csproj", "{95F03EB0-C712-41E6-9A5D-3635F0F6DB81}"
EndProject
Project("{FAE04EC0-301F-11D3-BF4B-00C04F79EFBC}") = "OperatorlerAlistirma2", "OperatorlerAlistirma2\OperatorlerAlistirma2.csproj", "{EA0140B5-214D-40AA-99BE-21E362E18EA3}"
EndProject
Project("{FAE04EC0-301F-11D3-BF4B-00C04F79EFBC}") = "OperatorAlistirma3", "OperatorAlistirma3\OperatorAlistirma3.csproj", "{CD98A492-A85C-4AA9-BDE2-78B057AAD7A2}"
EndProject
Global
	GlobalSection(SolutionConfigurationPlatforms) = preSolution
		Debug|Any CPU = Debug|Any CPU
		Release|Any CPU = Release|Any CPU
	EndGlobalSection
	GlobalSection(ProjectConfigurationPlatforms) = postSolution
		{016043CC-1E79-4445-9396-91AF494EDCDC}.Debug|Any CPU.ActiveCfg = Debug|Any CPU
		{016043CC-1E79-4445-9396-91AF494EDCDC}.Debug|Any CPU.Build.0 = Debug|Any CPU
		{016043CC-1E79-4445-9396-91AF494EDCDC}.Release|Any CPU.ActiveCfg = Release|Any CPU
		{016043CC-1E79-4445-9396-91AF494EDCDC}.Release|Any CPU.Build.0 = Release|Any CPU
		{95F03EB0-C712-41E6-9A5D-3635F0F6DB81}.Debug|Any CPU.ActiveCfg = Debug|Any CPU
		{95F03EB0-C712-41E6-9A5D-3635F0F6DB81}.Debug|Any CPU.Build.0 = Debug|Any CPU
		{95F03EB0-C712-41E6-9A5D-3635F0F6DB81}.Release|Any CPU.ActiveCfg = Release|Any CPU
		{95F03EB0-C712-41E6-9A5D-3635F0F6DB81}.Release|Any CPU.Build.0 = Release|Any CPU
		{EA0140B5-214D-40AA-99BE-21E362E18EA3}.Debug|Any CPU.ActiveCfg = Debug|Any CPU
		{EA0140B5-214D-40AA-99BE-21E362E18EA3}.Debug|Any CPU.Build.0 = Debug|Any CPU
		{EA0140B5-214D-40AA-99BE-21E362E18EA3}.Release|Any CPU.ActiveCfg = Release|Any CPU
		{EA0140B5-214D-40AA-99BE-21E362E18EA3}.Release|Any CPU.Build.0 = Release|Any CPU
		{CD98A492-A85C-4AA9-BDE2-78B057AAD7A2}.Debug|Any CPU.ActiveCfg = Debug|Any CPU
		{CD98A492-A85C-4AA9-BDE2-78B057AAD7A2}.Debug|Any CPU.Build.0 = Debug|Any CPU
		{CD98A492-A85C-4AA9-BDE2-78B057AAD7A2}.Release|Any CPU.ActiveCfg = Release|Any CPU
		{CD98A492-A85C-4AA9-BDE2-78B057AAD7A2}.Release|Any CPU.Build.0 = Release|Any CPU
	EndGlobalSection
	GlobalSection(SolutionProperties) = preSolution
		HideSolutionNode = FALSE
	EndGlobalSection
EndGlobal
